
Microsoft Visual Studio Solution File, Format Version 11.00
# Visual Studio 2010
Project("{FAE04EC0-301F-11D3-BF4B-00C04F79EFBC}") = "Imgur Uploader", "Imgur Uploader\Imgur Uploader.csproj", "{4517C236-0674-4562-955B-A2A42EBA05A8}"
EndProject
Global
	GlobalSection(SolutionConfigurationPlatforms) = preSolution
		Debug|x86 = Debug|x86
		Release|x86 = Release|x86
	EndGlobalSection
	GlobalSection(ProjectConfigurationPlatforms) = postSolution
		{4517C236-0674-4562-955B-A2A42EBA05A8}.Debug|x86.ActiveCfg = Debug|x86
		{4517C236-0674-4562-955B-A2A42EBA05A8}.Debug|x86.Build.0 = Debug|x86
		{4517C236-0674-4562-955B-A2A42EBA05A8}.Release|x86.ActiveCfg = Release|x86
		{4517C236-0674-4562-955B-A2A42EBA05A8}.Release|x86.Build.0 = Release|x86
	EndGlobalSection
	GlobalSection(SolutionProperties) = preSolution
		HideSolutionNode = FALSE
	EndGlobalSection
EndGlobal
